
Microsoft Visual Studio Solution File, Format Version 12.00
# Visual Studio 15
VisualStudioVersion = 15.0.27703.2042
MinimumVisualStudioVersion = 10.0.40219.1
Project("{FAE04EC0-301F-11D3-BF4B-00C04F79EFBC}") = "RoomInfo", "RoomInfo\RoomInfo.csproj", "{590D64B8-BFF3-4CC8-B15D-0A1EC725F519}"
EndProject
Project("{FAE04EC0-301F-11D3-BF4B-00C04F79EFBC}") = "BackgroundComponent", "BackgroundComponent\BackgroundComponent.csproj", "{3221787A-1091-4FFB-B1AC-493503834BE5}"
EndProject
Project("{FAE04EC0-301F-11D3-BF4B-00C04F79EFBC}") = "LiveTileUpdateComponent", "LiveTileUpdateComponent\LiveTileUpdateComponent.csproj", "{739302BC-9DE8-4D9F-9389-A44A45E46AD4}"
EndProject
Project("{FAE04EC0-301F-11D3-BF4B-00C04F79EFBC}") = "ModelComponent", "ModelComponent\ModelComponent.csproj", "{AAA55901-B2A0-4248-8346-C16F8D540B9D}"
EndProject
Project("{FAE04EC0-301F-11D3-BF4B-00C04F79EFBC}") = "CommunicationComponent", "CommunicationComponent\CommunicationComponent.csproj", "{A4F589EE-0B8A-4A08-9BDA-35162233421D}"
EndProject
Global
	GlobalSection(SolutionConfigurationPlatforms) = preSolution
		Debug|Any CPU = Debug|Any CPU
		Debug|ARM = Debug|ARM
		Debug|ARM64 = Debug|ARM64
		Debug|x64 = Debug|x64
		Debug|x86 = Debug|x86
		Release|Any CPU = Release|Any CPU
		Release|ARM = Release|ARM
		Release|ARM64 = Release|ARM64
		Release|x64 = Release|x64
		Release|x86 = Release|x86
	EndGlobalSection
	GlobalSection(ProjectConfigurationPlatforms) = postSolution
		{590D64B8-BFF3-4CC8-B15D-0A1EC725F519}.Debug|Any CPU.ActiveCfg = Debug|x86
		{590D64B8-BFF3-4CC8-B15D-0A1EC725F519}.Debug|ARM.ActiveCfg = Debug|ARM
		{590D64B8-BFF3-4CC8-B15D-0A1EC725F519}.Debug|ARM.Build.0 = Debug|ARM
		{590D64B8-BFF3-4CC8-B15D-0A1EC725F519}.Debug|ARM.Deploy.0 = Debug|ARM
		{590D64B8-BFF3-4CC8-B15D-0A1EC725F519}.Debug|ARM64.ActiveCfg = Debug|x86
		{590D64B8-BFF3-4CC8-B15D-0A1EC725F519}.Debug|x64.ActiveCfg = Debug|x64
		{590D64B8-BFF3-4CC8-B15D-0A1EC725F519}.Debug|x64.Build.0 = Debug|x64
		{590D64B8-BFF3-4CC8-B15D-0A1EC725F519}.Debug|x64.Deploy.0 = Debug|x64
		{590D64B8-BFF3-4CC8-B15D-0A1EC725F519}.Debug|x86.ActiveCfg = Debug|x86
		{590D64B8-BFF3-4CC8-B15D-0A1EC725F519}.Debug|x86.Build.0 = Debug|x86
		{590D64B8-BFF3-4CC8-B15D-0A1EC725F519}.Debug|x86.Deploy.0 = Debug|x86
		{590D64B8-BFF3-4CC8-B15D-0A1EC725F519}.Release|Any CPU.ActiveCfg = Release|x86
		{590D64B8-BFF3-4CC8-B15D-0A1EC725F519}.Release|ARM.ActiveCfg = Release|ARM
		{590D64B8-BFF3-4CC8-B15D-0A1EC725F519}.Release|ARM.Build.0 = Release|ARM
		{590D64B8-BFF3-4CC8-B15D-0A1EC725F519}.Release|ARM.Deploy.0 = Release|ARM
		{590D64B8-BFF3-4CC8-B15D-0A1EC725F519}.Release|ARM64.ActiveCfg = Release|x86
		{590D64B8-BFF3-4CC8-B15D-0A1EC725F519}.Release|x64.ActiveCfg = Release|x64
		{590D64B8-BFF3-4CC8-B15D-0A1EC725F519}.Release|x64.Build.0 = Release|x64
		{590D64B8-BFF3-4CC8-B15D-0A1EC725F519}.Release|x64.Deploy.0 = Release|x64
		{590D64B8-BFF3-4CC8-B15D-0A1EC725F519}.Release|x86.ActiveCfg = Release|x86
		{590D64B8-BFF3-4CC8-B15D-0A1EC725F519}.Release|x86.Build.0 = Release|x86
		{590D64B8-BFF3-4CC8-B15D-0A1EC725F519}.Release|x86.Deploy.0 = Release|x86
		{3221787A-1091-4FFB-B1AC-493503834BE5}.Debug|Any CPU.ActiveCfg = Debug|Any CPU
		{3221787A-1091-4FFB-B1AC-493503834BE5}.Debug|Any CPU.Build.0 = Debug|Any CPU
		{3221787A-1091-4FFB-B1AC-493503834BE5}.Debug|ARM.ActiveCfg = Debug|ARM
		{3221787A-1091-4FFB-B1AC-493503834BE5}.Debug|ARM.Build.0 = Debug|ARM
		{3221787A-1091-4FFB-B1AC-493503834BE5}.Debug|ARM64.ActiveCfg = Debug|ARM64
		{3221787A-1091-4FFB-B1AC-493503834BE5}.Debug|ARM64.Build.0 = Debug|ARM64
		{3221787A-1091-4FFB-B1AC-493503834BE5}.Debug|x64.ActiveCfg = Debug|x64
		{3221787A-1091-4FFB-B1AC-493503834BE5}.Debug|x64.Build.0 = Debug|x64
		{3221787A-1091-4FFB-B1AC-493503834BE5}.Debug|x86.ActiveCfg = Debug|x86
		{3221787A-1091-4FFB-B1AC-493503834BE5}.Debug|x86.Build.0 = Debug|x86
		{3221787A-1091-4FFB-B1AC-493503834BE5}.Release|Any CPU.ActiveCfg = Release|Any CPU
		{3221787A-1091-4FFB-B1AC-493503834BE5}.Release|Any CPU.Build.0 = Release|Any CPU
		{3221787A-1091-4FFB-B1AC-493503834BE5}.Release|ARM.ActiveCfg = Release|ARM
		{3221787A-1091-4FFB-B1AC-493503834BE5}.Release|ARM.Build.0 = Release|ARM
		{3221787A-1091-4FFB-B1AC-493503834BE5}.Release|ARM64.ActiveCfg = Release|ARM64
		{3221787A-1091-4FFB-B1AC-493503834BE5}.Release|ARM64.Build.0 = Release|ARM64
		{3221787A-1091-4FFB-B1AC-493503834BE5}.Release|x64.ActiveCfg = Release|x64
		{3221787A-1091-4FFB-B1AC-493503834BE5}.Release|x64.Build.0 = Release|x64
		{3221787A-1091-4FFB-B1AC-493503834BE5}.Release|x86.ActiveCfg = Release|x86
		{3221787A-1091-4FFB-B1AC-493503834BE5}.Release|x86.Build.0 = Release|x86
		{739302BC-9DE8-4D9F-9389-A44A45E46AD4}.Debug|Any CPU.ActiveCfg = Debug|Any CPU
		{739302BC-9DE8-4D9F-9389-A44A45E46AD4}.Debug|Any CPU.Build.0 = Debug|Any CPU
		{739302BC-9DE8-4D9F-9389-A44A45E46AD4}.Debug|ARM.ActiveCfg = Debug|ARM
		{739302BC-9DE8-4D9F-9389-A44A45E46AD4}.Debug|ARM.Build.0 = Debug|ARM
		{739302BC-9DE8-4D9F-9389-A44A45E46AD4}.Debug|ARM64.ActiveCfg = Debug|ARM64
		{739302BC-9DE8-4D9F-9389-A44A45E46AD4}.Debug|ARM64.Build.0 = Debug|ARM64
		{739302BC-9DE8-4D9F-9389-A44A45E46AD4}.Debug|x64.ActiveCfg = Debug|x64
		{739302BC-9DE8-4D9F-9389-A44A45E46AD4}.Debug|x64.Build.0 = Debug|x64
		{739302BC-9DE8-4D9F-9389-A44A45E46AD4}.Debug|x86.ActiveCfg = Debug|x86
		{739302BC-9DE8-4D9F-9389-A44A45E46AD4}.Debug|x86.Build.0 = Debug|x86
		{739302BC-9DE8-4D9F-9389-A44A45E46AD4}.Release|Any CPU.ActiveCfg = Release|Any CPU
		{739302BC-9DE8-4D9F-9389-A44A45E46AD4}.Release|Any CPU.Build.0 = Release|Any CPU
		{739302BC-9DE8-4D9F-9389-A44A45E46AD4}.Release|ARM.ActiveCfg = Release|ARM
		{739302BC-9DE8-4D9F-9389-A44A45E46AD4}.Release|ARM.Build.0 = Release|ARM
		{739302BC-9DE8-4D9F-9389-A44A45E46AD4}.Release|ARM64.ActiveCfg = Release|ARM64
		{739302BC-9DE8-4D9F-9389-A44A45E46AD4}.Release|ARM64.Build.0 = Release|ARM64
		{739302BC-9DE8-4D9F-9389-A44A45E46AD4}.Release|x64.ActiveCfg = Release|x64
		{739302BC-9DE8-4D9F-9389-A44A45E46AD4}.Release|x64.Build.0 = Release|x64
		{739302BC-9DE8-4D9F-9389-A44A45E46AD4}.Release|x86.ActiveCfg = Release|x86
		{739302BC-9DE8-4D9F-9389-A44A45E46AD4}.Release|x86.Build.0 = Release|x86
		{AAA55901-B2A0-4248-8346-C16F8D540B9D}.Debug|Any CPU.ActiveCfg = Debug|Any CPU
		{AAA55901-B2A0-4248-8346-C16F8D540B9D}.Debug|Any CPU.Build.0 = Debug|Any CPU
		{AAA55901-B2A0-4248-8346-C16F8D540B9D}.Debug|ARM.ActiveCfg = Debug|ARM
		{AAA55901-B2A0-4248-8346-C16F8D540B9D}.Debug|ARM.Build.0 = Debug|ARM
		{AAA55901-B2A0-4248-8346-C16F8D540B9D}.Debug|ARM64.ActiveCfg = Debug|ARM64
		{AAA55901-B2A0-4248-8346-C16F8D540B9D}.Debug|ARM64.Build.0 = Debug|ARM64
		{AAA55901-B2A0-4248-8346-C16F8D540B9D}.Debug|x64.ActiveCfg = Debug|x64
		{AAA55901-B2A0-4248-8346-C16F8D540B9D}.Debug|x64.Build.0 = Debug|x64
		{AAA55901-B2A0-4248-8346-C16F8D540B9D}.Debug|x86.ActiveCfg = Debug|x86
		{AAA55901-B2A0-4248-8346-C16F8D540B9D}.Debug|x86.Build.0 = Debug|x86
		{AAA55901-B2A0-4248-8346-C16F8D540B9D}.Release|Any CPU.ActiveCfg = Release|Any CPU
		{AAA55901-B2A0-4248-8346-C16F8D540B9D}.Release|Any CPU.Build.0 = Release|Any CPU
		{AAA55901-B2A0-4248-8346-C16F8D540B9D}.Release|ARM.ActiveCfg = Release|ARM
		{AAA55901-B2A0-4248-8346-C16F8D540B9D}.Release|ARM.Build.0 = Release|ARM
		{AAA55901-B2A0-4248-8346-C16F8D540B9D}.Release|ARM64.ActiveCfg = Release|ARM64
		{AAA55901-B2A0-4248-8346-C16F8D540B9D}.Release|ARM64.Build.0 = Release|ARM64
		{AAA55901-B2A0-4248-8346-C16F8D540B9D}.Release|x64.ActiveCfg = Release|x64
		{AAA55901-B2A0-4248-8346-C16F8D540B9D}.Release|x64.Build.0 = Release|x64
		{AAA55901-B2A0-4248-8346-C16F8D540B9D}.Release|x86.ActiveCfg = Release|x86
		{AAA55901-B2A0-4248-8346-C16F8D540B9D}.Release|x86.Build.0 = Release|x86
		{A4F589EE-0B8A-4A08-9BDA-35162233421D}.Debug|Any CPU.ActiveCfg = Debug|Any CPU
		{A4F589EE-0B8A-4A08-9BDA-35162233421D}.Debug|Any CPU.Build.0 = Debug|Any CPU
		{A4F589EE-0B8A-4A08-9BDA-35162233421D}.Debug|ARM.ActiveCfg = Debug|ARM
		{A4F589EE-0B8A-4A08-9BDA-35162233421D}.Debug|ARM.Build.0 = Debug|ARM
		{A4F589EE-0B8A-4A08-9BDA-35162233421D}.Debug|ARM64.ActiveCfg = Debug|ARM64
		{A4F589EE-0B8A-4A08-9BDA-35162233421D}.Debug|ARM64.Build.0 = Debug|ARM64
		{A4F589EE-0B8A-4A08-9BDA-35162233421D}.Debug|x64.ActiveCfg = Debug|x64
		{A4F589EE-0B8A-4A08-9BDA-35162233421D}.Debug|x64.Build.0 = Debug|x64
		{A4F589EE-0B8A-4A08-9BDA-35162233421D}.Debug|x86.ActiveCfg = Debug|x86
		{A4F589EE-0B8A-4A08-9BDA-35162233421D}.Debug|x86.Build.0 = Debug|x86
		{A4F589EE-0B8A-4A08-9BDA-35162233421D}.Release|Any CPU.ActiveCfg = Release|Any CPU
		{A4F589EE-0B8A-4A08-9BDA-35162233421D}.Release|Any CPU.Build.0 = Release|Any CPU
		{A4F589EE-0B8A-4A08-9BDA-35162233421D}.Release|ARM.ActiveCfg = Release|ARM
		{A4F589EE-0B8A-4A08-9BDA-35162233421D}.Release|ARM.Build.0 = Release|ARM
		{A4F589EE-0B8A-4A08-9BDA-35162233421D}.Release|ARM64.ActiveCfg = Release|ARM64
		{A4F589EE-0B8A-4A08-9BDA-35162233421D}.Release|ARM64.Build.0 = Release|ARM64
		{A4F589EE-0B8A-4A08-9BDA-35162233421D}.Release|x64.ActiveCfg = Release|x64
		{A4F589EE-0B8A-4A08-9BDA-35162233421D}.Release|x64.Build.0 = Release|x64
		{A4F589EE-0B8A-4A08-9BDA-35162233421D}.Release|x86.ActiveCfg = Release|x86
		{A4F589EE-0B8A-4A08-9BDA-35162233421D}.Release|x86.Build.0 = Release|x86
	EndGlobalSection
	GlobalSection(SolutionProperties) = preSolution
		HideSolutionNode = FALSE
	EndGlobalSection
	GlobalSection(ExtensibilityGlobals) = postSolution
		SolutionGuid = {B86E2FCF-4BFA-4A87-949F-E9465544E607}
	EndGlobalSection
EndGlobal
